// !$*UTF8*$!
{
	archiveVersion = 1;
	classes = {
	};
	objectVersion = 50;
	objects = {

/* Begin PBXBuildFile section */
		05DFEE673A22E6B45E50ABB3 /* Pods_MobileVoterOutreachApplication.framework in Frameworks */ = {isa = PBXBuildFile; fileRef = 64199BD19DD1D8F977D11035 /* Pods_MobileVoterOutreachApplication.framework */; };
		6740542A20F298290002A711 /* StateLinks.swift in Sources */ = {isa = PBXBuildFile; fileRef = 6740542920F298290002A711 /* StateLinks.swift */; };
		7C1D3B34210278A30006C348 /* Launch Screen.storyboard in Resources */ = {isa = PBXBuildFile; fileRef = 7C1D3B33210278A30006C348 /* Launch Screen.storyboard */; };
		7C41551120E296F1003E13C2 /* AppDelegate.swift in Sources */ = {isa = PBXBuildFile; fileRef = 7C41551020E296F1003E13C2 /* AppDelegate.swift */; };
		7C41551620E296F1003E13C2 /* Main.storyboard in Resources */ = {isa = PBXBuildFile; fileRef = 7C41551420E296F1003E13C2 /* Main.storyboard */; };
		7C41551820E296F3003E13C2 /* Assets.xcassets in Resources */ = {isa = PBXBuildFile; fileRef = 7C41551720E296F3003E13C2 /* Assets.xcassets */; };
		7C5674F520FD3B7A00D03216 /* MobileVoterOutreachApplication.xcdatamodeld in Sources */ = {isa = PBXBuildFile; fileRef = 7C5674F320FD3B7A00D03216 /* MobileVoterOutreachApplication.xcdatamodeld */; };
		7C56751820FD3D3200D03216 /* PersistenceService.swift in Sources */ = {isa = PBXBuildFile; fileRef = 7C56751720FD3D3200D03216 /* PersistenceService.swift */; };
		7C56751B20FD41EB00D03216 /* ContactArray+CoreDataProperties.swift in Sources */ = {isa = PBXBuildFile; fileRef = 7C56751920FD41EB00D03216 /* ContactArray+CoreDataProperties.swift */; };
		7C56751C20FD41EB00D03216 /* ContactArray+CoreDataClass.swift in Sources */ = {isa = PBXBuildFile; fileRef = 7C56751A20FD41EB00D03216 /* ContactArray+CoreDataClass.swift */; };
		7C56752320FD790E00D03216 /* LoadingContacts+CoreDataClass.swift in Sources */ = {isa = PBXBuildFile; fileRef = 7C56752120FD790E00D03216 /* LoadingContacts+CoreDataClass.swift */; };
		7C56752420FD790E00D03216 /* LoadingContacts+CoreDataProperties.swift in Sources */ = {isa = PBXBuildFile; fileRef = 7C56752220FD790E00D03216 /* LoadingContacts+CoreDataProperties.swift */; };
		7C56752720FE517800D03216 /* TableDisplay+CoreDataClass.swift in Sources */ = {isa = PBXBuildFile; fileRef = 7C56752520FE517800D03216 /* TableDisplay+CoreDataClass.swift */; };
		7C56752820FE517800D03216 /* TableDisplay+CoreDataProperties.swift in Sources */ = {isa = PBXBuildFile; fileRef = 7C56752620FE517800D03216 /* TableDisplay+CoreDataProperties.swift */; };
		7C56752B2100067E00D03216 /* Loginformation+CoreDataClass.swift in Sources */ = {isa = PBXBuildFile; fileRef = 7C5675292100067E00D03216 /* Loginformation+CoreDataClass.swift */; };
		7C56752C2100067E00D03216 /* Loginformation+CoreDataProperties.swift in Sources */ = {isa = PBXBuildFile; fileRef = 7C56752A2100067E00D03216 /* Loginformation+CoreDataProperties.swift */; };
		7C74B7E120EBDF4800CA78E5 /* MainScreenTableViewCell.swift in Sources */ = {isa = PBXBuildFile; fileRef = 7C74B7E020EBDF4800CA78E5 /* MainScreenTableViewCell.swift */; };
		7C987DBC2110CC5700E98C86 /* UIDeviceExt.swift in Sources */ = {isa = PBXBuildFile; fileRef = 7C987DBB2110CC5700E98C86 /* UIDeviceExt.swift */; };
		7CBC11E7211105440076854C /* Logo.png in Resources */ = {isa = PBXBuildFile; fileRef = 7CBC11E6211105440076854C /* Logo.png */; };
		7CC06F2620E57FE30006988A /* RoundButton.swift in Sources */ = {isa = PBXBuildFile; fileRef = 7CC06F2520E57FE30006988A /* RoundButton.swift */; };
		7CC06F2A20E58BE80006988A /* ButtonExtension.swift in Sources */ = {isa = PBXBuildFile; fileRef = 7CC06F2920E58BE80006988A /* ButtonExtension.swift */; };
		7CC06F3620E68B450006988A /* SecondOpeningScreen.swift in Sources */ = {isa = PBXBuildFile; fileRef = 7CC06F3520E68B450006988A /* SecondOpeningScreen.swift */; };
		7CF2929B20F4013500AAEB6E /* globalFunctions.swift in Sources */ = {isa = PBXBuildFile; fileRef = 7CF2929A20F4013500AAEB6E /* globalFunctions.swift */; };
/* End PBXBuildFile section */

/* Begin PBXFileReference section */
		19E0EF01D2BBC27905565308 /* Pods-MobileVoterOutreachApplication.debug.xcconfig */ = {isa = PBXFileReference; includeInIndex = 1; lastKnownFileType = text.xcconfig; name = "Pods-MobileVoterOutreachApplication.debug.xcconfig"; path = "Pods/Target Support Files/Pods-MobileVoterOutreachApplication/Pods-MobileVoterOutreachApplication.debug.xcconfig"; sourceTree = "<group>"; };
		64199BD19DD1D8F977D11035 /* Pods_MobileVoterOutreachApplication.framework */ = {isa = PBXFileReference; explicitFileType = wrapper.framework; includeInIndex = 0; path = Pods_MobileVoterOutreachApplication.framework; sourceTree = BUILT_PRODUCTS_DIR; };
		6740542920F298290002A711 /* StateLinks.swift */ = {isa = PBXFileReference; lastKnownFileType = sourcecode.swift; path = StateLinks.swift; sourceTree = "<group>"; };
		7C1D3B33210278A30006C348 /* Launch Screen.storyboard */ = {isa = PBXFileReference; lastKnownFileType = file.storyboard; path = "Launch Screen.storyboard"; sourceTree = "<group>"; };
		7C240B292107855F00727442 /* GoogleService-Info.plist */ = {isa = PBXFileReference; lastKnownFileType = text.plist.xml; path = "GoogleService-Info.plist"; sourceTree = "<group>"; };
		7C41550D20E296F1003E13C2 /* MobileVoterOutreachApplication.app */ = {isa = PBXFileReference; explicitFileType = wrapper.application; includeInIndex = 0; path = MobileVoterOutreachApplication.app; sourceTree = BUILT_PRODUCTS_DIR; };
		7C41551020E296F1003E13C2 /* AppDelegate.swift */ = {isa = PBXFileReference; lastKnownFileType = sourcecode.swift; path = AppDelegate.swift; sourceTree = "<group>"; };
		7C41551520E296F1003E13C2 /* Base */ = {isa = PBXFileReference; lastKnownFileType = file.storyboard; name = Base; path = Base.lproj/Main.storyboard; sourceTree = "<group>"; };
		7C41551720E296F3003E13C2 /* Assets.xcassets */ = {isa = PBXFileReference; lastKnownFileType = folder.assetcatalog; path = Assets.xcassets; sourceTree = "<group>"; };
		7C41551C20E296F3003E13C2 /* Info.plist */ = {isa = PBXFileReference; lastKnownFileType = text.plist.xml; path = Info.plist; sourceTree = "<group>"; };
		7C5674F420FD3B7A00D03216 /* DataModel.xcdatamodel */ = {isa = PBXFileReference; lastKnownFileType = wrapper.xcdatamodel; path = DataModel.xcdatamodel; sourceTree = "<group>"; };
		7C56751720FD3D3200D03216 /* PersistenceService.swift */ = {isa = PBXFileReference; lastKnownFileType = sourcecode.swift; path = PersistenceService.swift; sourceTree = "<group>"; };
		7C56751920FD41EB00D03216 /* ContactArray+CoreDataProperties.swift */ = {isa = PBXFileReference; lastKnownFileType = sourcecode.swift; name = "ContactArray+CoreDataProperties.swift"; path = "/Users/dylanirlbeck/Desktop/MobileVoterOutreachApplication/MobileVoterOutreachApplication/ContactArray+CoreDataProperties.swift"; sourceTree = "<absolute>"; };
		7C56751A20FD41EB00D03216 /* ContactArray+CoreDataClass.swift */ = {isa = PBXFileReference; lastKnownFileType = sourcecode.swift; name = "ContactArray+CoreDataClass.swift"; path = "/Users/dylanirlbeck/Desktop/MobileVoterOutreachApplication/MobileVoterOutreachApplication/ContactArray+CoreDataClass.swift"; sourceTree = "<absolute>"; };
		7C56752120FD790E00D03216 /* LoadingContacts+CoreDataClass.swift */ = {isa = PBXFileReference; lastKnownFileType = sourcecode.swift; path = "LoadingContacts+CoreDataClass.swift"; sourceTree = "<group>"; };
		7C56752220FD790E00D03216 /* LoadingContacts+CoreDataProperties.swift */ = {isa = PBXFileReference; lastKnownFileType = sourcecode.swift; path = "LoadingContacts+CoreDataProperties.swift"; sourceTree = "<group>"; };
		7C56752520FE517800D03216 /* TableDisplay+CoreDataClass.swift */ = {isa = PBXFileReference; lastKnownFileType = sourcecode.swift; path = "TableDisplay+CoreDataClass.swift"; sourceTree = "<group>"; };
		7C56752620FE517800D03216 /* TableDisplay+CoreDataProperties.swift */ = {isa = PBXFileReference; lastKnownFileType = sourcecode.swift; path = "TableDisplay+CoreDataProperties.swift"; sourceTree = "<group>"; };
		7C5675292100067E00D03216 /* Loginformation+CoreDataClass.swift */ = {isa = PBXFileReference; lastKnownFileType = sourcecode.swift; path = "Loginformation+CoreDataClass.swift"; sourceTree = "<group>"; };
		7C56752A2100067E00D03216 /* Loginformation+CoreDataProperties.swift */ = {isa = PBXFileReference; lastKnownFileType = sourcecode.swift; path = "Loginformation+CoreDataProperties.swift"; sourceTree = "<group>"; };
		7C74B7E020EBDF4800CA78E5 /* MainScreenTableViewCell.swift */ = {isa = PBXFileReference; lastKnownFileType = sourcecode.swift; path = MainScreenTableViewCell.swift; sourceTree = "<group>"; };
		7C74B7E620EC20DF00CA78E5 /* CheckMarkHeader.h */ = {isa = PBXFileReference; lastKnownFileType = sourcecode.c.h; path = CheckMarkHeader.h; sourceTree = "<group>"; };
		7C74B7E720EC218E00CA78E5 /* BEMCheckBox.h */ = {isa = PBXFileReference; lastKnownFileType = sourcecode.c.h; path = BEMCheckBox.h; sourceTree = "<group>"; };
		7C74B7E820EC219D00CA78E5 /* BEMCheckBoxGroup.h */ = {isa = PBXFileReference; lastKnownFileType = sourcecode.c.h; path = BEMCheckBoxGroup.h; sourceTree = "<group>"; };
		7C987DBB2110CC5700E98C86 /* UIDeviceExt.swift */ = {isa = PBXFileReference; lastKnownFileType = sourcecode.swift; path = UIDeviceExt.swift; sourceTree = "<group>"; };
		7CBC11E6211105440076854C /* Logo.png */ = {isa = PBXFileReference; lastKnownFileType = image.png; name = Logo.png; path = "../../VoterHiveScreenshots and Other Things/appiconmaker.co_ios/Logo.png"; sourceTree = "<group>"; };
		7CC06F2520E57FE30006988A /* RoundButton.swift */ = {isa = PBXFileReference; lastKnownFileType = sourcecode.swift; path = RoundButton.swift; sourceTree = "<group>"; };
		7CC06F2920E58BE80006988A /* ButtonExtension.swift */ = {isa = PBXFileReference; lastKnownFileType = sourcecode.swift; path = ButtonExtension.swift; sourceTree = "<group>"; };
		7CC06F3520E68B450006988A /* SecondOpeningScreen.swift */ = {isa = PBXFileReference; lastKnownFileType = sourcecode.swift; path = SecondOpeningScreen.swift; sourceTree = "<group>"; };
		7CF2929A20F4013500AAEB6E /* globalFunctions.swift */ = {isa = PBXFileReference; lastKnownFileType = sourcecode.swift; path = globalFunctions.swift; sourceTree = "<group>"; };
		A987A49A57046AC4DF4DE506 /* Pods-MobileVoterOutreachApplication.release.xcconfig */ = {isa = PBXFileReference; includeInIndex = 1; lastKnownFileType = text.xcconfig; name = "Pods-MobileVoterOutreachApplication.release.xcconfig"; path = "Pods/Target Support Files/Pods-MobileVoterOutreachApplication/Pods-MobileVoterOutreachApplication.release.xcconfig"; sourceTree = "<group>"; };
/* End PBXFileReference section */

/* Begin PBXFrameworksBuildPhase section */
		7C41550A20E296F1003E13C2 /* Frameworks */ = {
			isa = PBXFrameworksBuildPhase;
			buildActionMask = 2147483647;
			files = (
				05DFEE673A22E6B45E50ABB3 /* Pods_MobileVoterOutreachApplication.framework in Frameworks */,
			);
			runOnlyForDeploymentPostprocessing = 0;
		};
/* End PBXFrameworksBuildPhase section */

/* Begin PBXGroup section */
		467973E36D95DD4E56B03EB0 /* Frameworks */ = {
			isa = PBXGroup;
			children = (
				64199BD19DD1D8F977D11035 /* Pods_MobileVoterOutreachApplication.framework */,
			);
			name = Frameworks;
			sourceTree = "<group>";
		};
		7C240B1F210784AB00727442 /* ViewControllers */ = {
			isa = PBXGroup;
			children = (
				7CC06F3520E68B450006988A /* SecondOpeningScreen.swift */,
				7C74B7E020EBDF4800CA78E5 /* MainScreenTableViewCell.swift */,
			);
			path = ViewControllers;
			sourceTree = "<group>";
		};
		7C240B20210784DB00727442 /* ClassExtensions */ = {
			isa = PBXGroup;
			children = (
				7C74B7E620EC20DF00CA78E5 /* CheckMarkHeader.h */,
				7C74B7E820EC219D00CA78E5 /* BEMCheckBoxGroup.h */,
				7C74B7E720EC218E00CA78E5 /* BEMCheckBox.h */,
				7CC06F2920E58BE80006988A /* ButtonExtension.swift */,
				7CC06F2520E57FE30006988A /* RoundButton.swift */,
				7C987DBB2110CC5700E98C86 /* UIDeviceExt.swift */,
			);
			path = ClassExtensions;
			sourceTree = "<group>";
		};
		7C240B212107850F00727442 /* Storyboards */ = {
			isa = PBXGroup;
			children = (
				7C41551420E296F1003E13C2 /* Main.storyboard */,
				7C1D3B33210278A30006C348 /* Launch Screen.storyboard */,
			);
			path = Storyboards;
			sourceTree = "<group>";
		};
		7C240B222107852800727442 /* AppIcons_plist */ = {
			isa = PBXGroup;
			children = (
				7C240B292107855F00727442 /* GoogleService-Info.plist */,
				7C41551C20E296F3003E13C2 /* Info.plist */,
			);
			path = AppIcons_plist;
			sourceTree = "<group>";
		};
		7C240B2A2107858D00727442 /* ExtraFiles */ = {
			isa = PBXGroup;
			children = (
				7CF2929A20F4013500AAEB6E /* globalFunctions.swift */,
				6740542920F298290002A711 /* StateLinks.swift */,
			);
			path = ExtraFiles;
			sourceTree = "<group>";
		};
		7C41550420E296F1003E13C2 = {
			isa = PBXGroup;
			children = (
				7C5675292100067E00D03216 /* Loginformation+CoreDataClass.swift */,
				7C56752A2100067E00D03216 /* Loginformation+CoreDataProperties.swift */,
				7C56752520FE517800D03216 /* TableDisplay+CoreDataClass.swift */,
				7C56752620FE517800D03216 /* TableDisplay+CoreDataProperties.swift */,
				7C56752120FD790E00D03216 /* LoadingContacts+CoreDataClass.swift */,
				7C56752220FD790E00D03216 /* LoadingContacts+CoreDataProperties.swift */,
				7C56751A20FD41EB00D03216 /* ContactArray+CoreDataClass.swift */,
				7C56751920FD41EB00D03216 /* ContactArray+CoreDataProperties.swift */,
				7C5674F320FD3B7A00D03216 /* MobileVoterOutreachApplication.xcdatamodeld */,
				7C56751720FD3D3200D03216 /* PersistenceService.swift */,
				7C41550F20E296F1003E13C2 /* MobileVoterOutreachApplication */,
				7C41550E20E296F1003E13C2 /* Products */,
				AA76BFB28F4AAE50A70E76A8 /* Pods */,
				467973E36D95DD4E56B03EB0 /* Frameworks */,
			);
			sourceTree = "<group>";
		};
		7C41550E20E296F1003E13C2 /* Products */ = {
			isa = PBXGroup;
			children = (
				7C41550D20E296F1003E13C2 /* MobileVoterOutreachApplication.app */,
			);
			name = Products;
			sourceTree = "<group>";
		};
		7C41550F20E296F1003E13C2 /* MobileVoterOutreachApplication */ = {
			isa = PBXGroup;
			children = (
				7C41551020E296F1003E13C2 /* AppDelegate.swift */,
				7CBC11E6211105440076854C /* Logo.png */,
				7C240B20210784DB00727442 /* ClassExtensions */,
				7C240B1F210784AB00727442 /* ViewControllers */,
				7C240B212107850F00727442 /* Storyboards */,
				7C240B222107852800727442 /* AppIcons_plist */,
				7C41551720E296F3003E13C2 /* Assets.xcassets */,
				7C240B2A2107858D00727442 /* ExtraFiles */,
			);
			path = MobileVoterOutreachApplication;
			sourceTree = "<group>";
		};
		AA76BFB28F4AAE50A70E76A8 /* Pods */ = {
			isa = PBXGroup;
			children = (
				19E0EF01D2BBC27905565308 /* Pods-MobileVoterOutreachApplication.debug.xcconfig */,
				A987A49A57046AC4DF4DE506 /* Pods-MobileVoterOutreachApplication.release.xcconfig */,
			);
			name = Pods;
			sourceTree = "<group>";
		};
/* End PBXGroup section */

/* Begin PBXNativeTarget section */
		7C41550C20E296F1003E13C2 /* MobileVoterOutreachApplication */ = {
			isa = PBXNativeTarget;
			buildConfigurationList = 7C41551F20E296F3003E13C2 /* Build configuration list for PBXNativeTarget "MobileVoterOutreachApplication" */;
			buildPhases = (
				5E7F6FEF226EBE73AEDB5530 /* [CP] Check Pods Manifest.lock */,
				7C41550920E296F1003E13C2 /* Sources */,
				7C41550A20E296F1003E13C2 /* Frameworks */,
				7C41550B20E296F1003E13C2 /* Resources */,
				DC2C486C12E359FB6433AF79 /* [CP] Embed Pods Frameworks */,
			);
			buildRules = (
			);
			dependencies = (
			);
			name = MobileVoterOutreachApplication;
			productName = MobileVoterOutreachApplication;
			productReference = 7C41550D20E296F1003E13C2 /* MobileVoterOutreachApplication.app */;
			productType = "com.apple.product-type.application";
		};
/* End PBXNativeTarget section */

/* Begin PBXProject section */
		7C41550520E296F1003E13C2 /* Project object */ = {
			isa = PBXProject;
			attributes = {
				LastSwiftUpdateCheck = 0940;
				LastUpgradeCheck = 0940;
				ORGANIZATIONNAME = "Dylan  Irlbeck";
				TargetAttributes = {
					7C41550C20E296F1003E13C2 = {
						CreatedOnToolsVersion = 9.4.1;
					};
				};
			};
			buildConfigurationList = 7C41550820E296F1003E13C2 /* Build configuration list for PBXProject "MobileVoterOutreachApplication" */;
			compatibilityVersion = "Xcode 9.3";
			developmentRegion = en;
			hasScannedForEncodings = 0;
			knownRegions = (
				en,
				Base,
			);
			mainGroup = 7C41550420E296F1003E13C2;
			productRefGroup = 7C41550E20E296F1003E13C2 /* Products */;
			projectDirPath = "";
			projectRoot = "";
			targets = (
				7C41550C20E296F1003E13C2 /* MobileVoterOutreachApplication */,
			);
		};
/* End PBXProject section */

/* Begin PBXResourcesBuildPhase section */
		7C41550B20E296F1003E13C2 /* Resources */ = {
			isa = PBXResourcesBuildPhase;
			buildActionMask = 2147483647;
			files = (
				7CBC11E7211105440076854C /* Logo.png in Resources */,
				7C41551820E296F3003E13C2 /* Assets.xcassets in Resources */,
				7C41551620E296F1003E13C2 /* Main.storyboard in Resources */,
				7C1D3B34210278A30006C348 /* Launch Screen.storyboard in Resources */,
			);
			runOnlyForDeploymentPostprocessing = 0;
		};
/* End PBXResourcesBuildPhase section */

/* Begin PBXShellScriptBuildPhase section */
		5E7F6FEF226EBE73AEDB5530 /* [CP] Check Pods Manifest.lock */ = {
			isa = PBXShellScriptBuildPhase;
			buildActionMask = 2147483647;
			files = (
			);
			inputPaths = (
				"${PODS_PODFILE_DIR_PATH}/Podfile.lock",
				"${PODS_ROOT}/Manifest.lock",
			);
			name = "[CP] Check Pods Manifest.lock";
			outputPaths = (
				"$(DERIVED_FILE_DIR)/Pods-MobileVoterOutreachApplication-checkManifestLockResult.txt",
			);
			runOnlyForDeploymentPostprocessing = 0;
			shellPath = /bin/sh;
			shellScript = "diff \"${PODS_PODFILE_DIR_PATH}/Podfile.lock\" \"${PODS_ROOT}/Manifest.lock\" > /dev/null\nif [ $? != 0 ] ; then\n    # print error to STDERR\n    echo \"error: The sandbox is not in sync with the Podfile.lock. Run 'pod install' or update your CocoaPods installation.\" >&2\n    exit 1\nfi\n# This output is used by Xcode 'outputs' to avoid re-running this script phase.\necho \"SUCCESS\" > \"${SCRIPT_OUTPUT_FILE_0}\"\n";
			showEnvVarsInLog = 0;
		};
		DC2C486C12E359FB6433AF79 /* [CP] Embed Pods Frameworks */ = {
			isa = PBXShellScriptBuildPhase;
			buildActionMask = 2147483647;
			files = (
			);
			inputPaths = (
				"${SRCROOT}/Pods/Target Support Files/Pods-MobileVoterOutreachApplication/Pods-MobileVoterOutreachApplication-frameworks.sh",
				"${BUILT_PRODUCTS_DIR}/BEMCheckBox/BEMCheckBox.framework",
				"${BUILT_PRODUCTS_DIR}/RevealingSplashView/RevealingSplashView.framework",
				"${BUILT_PRODUCTS_DIR}/SCLAlertView/SCLAlertView.framework",
				"${BUILT_PRODUCTS_DIR}/SwiftMultiSelect/SwiftMultiSelect.framework",
				"${BUILT_PRODUCTS_DIR}/TextFieldEffects/TextFieldEffects.framework",
			);
			name = "[CP] Embed Pods Frameworks";
			outputPaths = (
				"${TARGET_BUILD_DIR}/${FRAMEWORKS_FOLDER_PATH}/BEMCheckBox.framework",
				"${TARGET_BUILD_DIR}/${FRAMEWORKS_FOLDER_PATH}/RevealingSplashView.framework",
				"${TARGET_BUILD_DIR}/${FRAMEWORKS_FOLDER_PATH}/SCLAlertView.framework",
				"${TARGET_BUILD_DIR}/${FRAMEWORKS_FOLDER_PATH}/SwiftMultiSelect.framework",
				"${TARGET_BUILD_DIR}/${FRAMEWORKS_FOLDER_PATH}/TextFieldEffects.framework",
			);
			runOnlyForDeploymentPostprocessing = 0;
			shellPath = /bin/sh;
			shellScript = "\"${SRCROOT}/Pods/Target Support Files/Pods-MobileVoterOutreachApplication/Pods-MobileVoterOutreachApplication-frameworks.sh\"\n";
			showEnvVarsInLog = 0;
		};
/* End PBXShellScriptBuildPhase section */

/* Begin PBXSourcesBuildPhase section */
		7C41550920E296F1003E13C2 /* Sources */ = {
			isa = PBXSourcesBuildPhase;
			buildActionMask = 2147483647;
			files = (
				7CF2929B20F4013500AAEB6E /* globalFunctions.swift in Sources */,
				7C56752320FD790E00D03216 /* LoadingContacts+CoreDataClass.swift in Sources */,
				7CC06F3620E68B450006988A /* SecondOpeningScreen.swift in Sources */,
				7CC06F2A20E58BE80006988A /* ButtonExtension.swift in Sources */,
				7C56752720FE517800D03216 /* TableDisplay+CoreDataClass.swift in Sources */,
				7C56751C20FD41EB00D03216 /* ContactArray+CoreDataClass.swift in Sources */,
				7C56752420FD790E00D03216 /* LoadingContacts+CoreDataProperties.swift in Sources */,
				7CC06F2620E57FE30006988A /* RoundButton.swift in Sources */,
				7C74B7E120EBDF4800CA78E5 /* MainScreenTableViewCell.swift in Sources */,
				7C56751820FD3D3200D03216 /* PersistenceService.swift in Sources */,
				7C56752C2100067E00D03216 /* Loginformation+CoreDataProperties.swift in Sources */,
				7C56752B2100067E00D03216 /* Loginformation+CoreDataClass.swift in Sources */,
				7C5674F520FD3B7A00D03216 /* MobileVoterOutreachApplication.xcdatamodeld in Sources */,
				7C41551120E296F1003E13C2 /* AppDelegate.swift in Sources */,
				7C56752820FE517800D03216 /* TableDisplay+CoreDataProperties.swift in Sources */,
				7C56751B20FD41EB00D03216 /* ContactArray+CoreDataProperties.swift in Sources */,
				6740542A20F298290002A711 /* StateLinks.swift in Sources */,
				7C987DBC2110CC5700E98C86 /* UIDeviceExt.swift in Sources */,
			);
			runOnlyForDeploymentPostprocessing = 0;
		};
/* End PBXSourcesBuildPhase section */

/* Begin PBXVariantGroup section */
		7C41551420E296F1003E13C2 /* Main.storyboard */ = {
			isa = PBXVariantGroup;
			children = (
				7C41551520E296F1003E13C2 /* Base */,
			);
			name = Main.storyboard;
			sourceTree = "<group>";
		};
/* End PBXVariantGroup section */

/* Begin XCBuildConfiguration section */
		7C41551D20E296F3003E13C2 /* Debug */ = {
			isa = XCBuildConfiguration;
			buildSettings = {
				ALWAYS_SEARCH_USER_PATHS = NO;
				CLANG_ANALYZER_NONNULL = YES;
				CLANG_ANALYZER_NUMBER_OBJECT_CONVERSION = YES_AGGRESSIVE;
				CLANG_CXX_LANGUAGE_STANDARD = "gnu++14";
				CLANG_CXX_LIBRARY = "libc++";
				CLANG_ENABLE_MODULES = YES;
				CLANG_ENABLE_OBJC_ARC = YES;
				CLANG_ENABLE_OBJC_WEAK = YES;
				CLANG_WARN_BLOCK_CAPTURE_AUTORELEASING = YES;
				CLANG_WARN_BOOL_CONVERSION = YES;
				CLANG_WARN_COMMA = YES;
				CLANG_WARN_CONSTANT_CONVERSION = YES;
				CLANG_WARN_DEPRECATED_OBJC_IMPLEMENTATIONS = YES;
				CLANG_WARN_DIRECT_OBJC_ISA_USAGE = YES_ERROR;
				CLANG_WARN_DOCUMENTATION_COMMENTS = YES;
				CLANG_WARN_EMPTY_BODY = YES;
				CLANG_WARN_ENUM_CONVERSION = YES;
				CLANG_WARN_INFINITE_RECURSION = YES;
				CLANG_WARN_INT_CONVERSION = YES;
				CLANG_WARN_NON_LITERAL_NULL_CONVERSION = YES;
				CLANG_WARN_OBJC_IMPLICIT_RETAIN_SELF = YES;
				CLANG_WARN_OBJC_LITERAL_CONVERSION = YES;
				CLANG_WARN_OBJC_ROOT_CLASS = YES_ERROR;
				CLANG_WARN_RANGE_LOOP_ANALYSIS = YES;
				CLANG_WARN_STRICT_PROTOTYPES = YES;
				CLANG_WARN_SUSPICIOUS_MOVE = YES;
				CLANG_WARN_UNGUARDED_AVAILABILITY = YES_AGGRESSIVE;
				CLANG_WARN_UNREACHABLE_CODE = YES;
				CLANG_WARN__DUPLICATE_METHOD_MATCH = YES;
				CODE_SIGN_IDENTITY = "iPhone Developer";
				COPY_PHASE_STRIP = NO;
				DEBUG_INFORMATION_FORMAT = dwarf;
				ENABLE_STRICT_OBJC_MSGSEND = YES;
				ENABLE_TESTABILITY = YES;
				GCC_C_LANGUAGE_STANDARD = gnu11;
				GCC_DYNAMIC_NO_PIC = NO;
				GCC_NO_COMMON_BLOCKS = YES;
				GCC_OPTIMIZATION_LEVEL = 0;
				GCC_PREPROCESSOR_DEFINITIONS = (
					"DEBUG=1",
					"$(inherited)",
				);
				GCC_WARN_64_TO_32_BIT_CONVERSION = YES;
				GCC_WARN_ABOUT_RETURN_TYPE = YES_ERROR;
				GCC_WARN_UNDECLARED_SELECTOR = YES;
				GCC_WARN_UNINITIALIZED_AUTOS = YES_AGGRESSIVE;
				GCC_WARN_UNUSED_FUNCTION = YES;
				GCC_WARN_UNUSED_VARIABLE = YES;
				IPHONEOS_DEPLOYMENT_TARGET = 11.4;
				MTL_ENABLE_DEBUG_INFO = YES;
				ONLY_ACTIVE_ARCH = YES;
				SDKROOT = iphoneos;
				SWIFT_ACTIVE_COMPILATION_CONDITIONS = DEBUG;
				SWIFT_OPTIMIZATION_LEVEL = "-Onone";
			};
			name = Debug;
		};
		7C41551E20E296F3003E13C2 /* Release */ = {
			isa = XCBuildConfiguration;
			buildSettings = {
				ALWAYS_SEARCH_USER_PATHS = NO;
				CLANG_ANALYZER_NONNULL = YES;
				CLANG_ANALYZER_NUMBER_OBJECT_CONVERSION = YES_AGGRESSIVE;
				CLANG_CXX_LANGUAGE_STANDARD = "gnu++14";
				CLANG_CXX_LIBRARY = "libc++";
				CLANG_ENABLE_MODULES = YES;
				CLANG_ENABLE_OBJC_ARC = YES;
				CLANG_ENABLE_OBJC_WEAK = YES;
				CLANG_WARN_BLOCK_CAPTURE_AUTORELEASING = YES;
				CLANG_WARN_BOOL_CONVERSION = YES;
				CLANG_WARN_COMMA = YES;
				CLANG_WARN_CONSTANT_CONVERSION = YES;
				CLANG_WARN_DEPRECATED_OBJC_IMPLEMENTATIONS = YES;
				CLANG_WARN_DIRECT_OBJC_ISA_USAGE = YES_ERROR;
				CLANG_WARN_DOCUMENTATION_COMMENTS = YES;
				CLANG_WARN_EMPTY_BODY = YES;
				CLANG_WARN_ENUM_CONVERSION = YES;
				CLANG_WARN_INFINITE_RECURSION = YES;
				CLANG_WARN_INT_CONVERSION = YES;
				CLANG_WARN_NON_LITERAL_NULL_CONVERSION = YES;
				CLANG_WARN_OBJC_IMPLICIT_RETAIN_SELF = YES;
				CLANG_WARN_OBJC_LITERAL_CONVERSION = YES;
				CLANG_WARN_OBJC_ROOT_CLASS = YES_ERROR;
				CLANG_WARN_RANGE_LOOP_ANALYSIS = YES;
				CLANG_WARN_STRICT_PROTOTYPES = YES;
				CLANG_WARN_SUSPICIOUS_MOVE = YES;
				CLANG_WARN_UNGUARDED_AVAILABILITY = YES_AGGRESSIVE;
				CLANG_WARN_UNREACHABLE_CODE = YES;
				CLANG_WARN__DUPLICATE_METHOD_MATCH = YES;
				CODE_SIGN_IDENTITY = "iPhone Developer";
				COPY_PHASE_STRIP = NO;
				DEBUG_INFORMATION_FORMAT = "dwarf-with-dsym";
				ENABLE_NS_ASSERTIONS = NO;
				ENABLE_STRICT_OBJC_MSGSEND = YES;
				GCC_C_LANGUAGE_STANDARD = gnu11;
				GCC_NO_COMMON_BLOCKS = YES;
				GCC_WARN_64_TO_32_BIT_CONVERSION = YES;
				GCC_WARN_ABOUT_RETURN_TYPE = YES_ERROR;
				GCC_WARN_UNDECLARED_SELECTOR = YES;
				GCC_WARN_UNINITIALIZED_AUTOS = YES_AGGRESSIVE;
				GCC_WARN_UNUSED_FUNCTION = YES;
				GCC_WARN_UNUSED_VARIABLE = YES;
				IPHONEOS_DEPLOYMENT_TARGET = 11.4;
				MTL_ENABLE_DEBUG_INFO = NO;
				SDKROOT = iphoneos;
				SWIFT_COMPILATION_MODE = wholemodule;
				SWIFT_OPTIMIZATION_LEVEL = "-O";
				VALIDATE_PRODUCT = YES;
			};
			name = Release;
		};
		7C41552020E296F3003E13C2 /* Debug */ = {
			isa = XCBuildConfiguration;
			baseConfigurationReference = 19E0EF01D2BBC27905565308 /* Pods-MobileVoterOutreachApplication.debug.xcconfig */;
			buildSettings = {
				ASSETCATALOG_COMPILER_APPICON_NAME = AppIcon;
				CODE_SIGN_STYLE = Automatic;
				DEVELOPMENT_TEAM = T6B9J22S49;
				INFOPLIST_FILE = MobileVoterOutreachApplication/AppIcons_plist/Info.plist;
				LD_RUNPATH_SEARCH_PATHS = (
					"$(inherited)",
					"@executable_path/Frameworks",
				);
				PRODUCT_BUNDLE_IDENTIFIER = com.VoterHub.VoterHive;
				PRODUCT_NAME = "$(TARGET_NAME)";
				SWIFT_OBJC_BRIDGING_HEADER = MobileVoterOutreachApplication/ClassExtensions/CheckMarkHeader.h;
				SWIFT_VERSION = 4.0;
				TARGETED_DEVICE_FAMILY = "1,2";
			};
			name = Debug;
		};
		7C41552120E296F3003E13C2 /* Release */ = {
			isa = XCBuildConfiguration;
			baseConfigurationReference = A987A49A57046AC4DF4DE506 /* Pods-MobileVoterOutreachApplication.release.xcconfig */;
			buildSettings = {
				ASSETCATALOG_COMPILER_APPICON_NAME = AppIcon;
				CODE_SIGN_STYLE = Automatic;
				DEVELOPMENT_TEAM = T6B9J22S49;
				INFOPLIST_FILE = MobileVoterOutreachApplication/AppIcons_plist/Info.plist;
				LD_RUNPATH_SEARCH_PATHS = (
					"$(inherited)",
					"@executable_path/Frameworks",
				);
				PRODUCT_BUNDLE_IDENTIFIER = com.VoterHub.VoterHive;
				PRODUCT_NAME = "$(TARGET_NAME)";
				SWIFT_OBJC_BRIDGING_HEADER = MobileVoterOutreachApplication/ClassExtensions/CheckMarkHeader.h;
				SWIFT_VERSION = 4.0;
				TARGETED_DEVICE_FAMILY = "1,2";
			};
			name = Release;
		};
/* End XCBuildConfiguration section */

/* Begin XCConfigurationList section */
		7C41550820E296F1003E13C2 /* Build configuration list for PBXProject "MobileVoterOutreachApplication" */ = {
			isa = XCConfigurationList;
			buildConfigurations = (
				7C41551D20E296F3003E13C2 /* Debug */,
				7C41551E20E296F3003E13C2 /* Release */,
			);
			defaultConfigurationIsVisible = 0;
			defaultConfigurationName = Release;
		};
		7C41551F20E296F3003E13C2 /* Build configuration list for PBXNativeTarget "MobileVoterOutreachApplication" */ = {
			isa = XCConfigurationList;
			buildConfigurations = (
				7C41552020E296F3003E13C2 /* Debug */,
				7C41552120E296F3003E13C2 /* Release */,
			);
			defaultConfigurationIsVisible = 0;
			defaultConfigurationName = Release;
		};
/* End XCConfigurationList section */

/* Begin XCVersionGroup section */
		7C5674F320FD3B7A00D03216 /* MobileVoterOutreachApplication.xcdatamodeld */ = {
			isa = XCVersionGroup;
			children = (
				7C5674F420FD3B7A00D03216 /* DataModel.xcdatamodel */,
			);
			currentVersion = 7C5674F420FD3B7A00D03216 /* DataModel.xcdatamodel */;
			path = MobileVoterOutreachApplication.xcdatamodeld;
			sourceTree = "<group>";
			versionGroupType = wrapper.xcdatamodel;
		};
/* End XCVersionGroup section */
	};
	rootObject = 7C41550520E296F1003E13C2 /* Project object */;
}
