// !$*UTF8*$!
{
	archiveVersion = 1;
	classes = {
	};
	objectVersion = 50;
	objects = {

/* Begin PBXBuildFile section */
		05DFEE673A22E6B45E50ABB3 /* Pods_MobileVoterOutreachApplication.framework in Frameworks */ = {isa = PBXBuildFile; fileRef = 64199BD19DD1D8F977D11035 /* Pods_MobileVoterOutreachApplication.framework */; };
		7C41551120E296F1003E13C2 /* AppDelegate.swift in Sources */ = {isa = PBXBuildFile; fileRef = 7C41551020E296F1003E13C2 /* AppDelegate.swift */; };
		7C41551620E296F1003E13C2 /* Main.storyboard in Resources */ = {isa = PBXBuildFile; fileRef = 7C41551420E296F1003E13C2 /* Main.storyboard */; };
		7C41551820E296F3003E13C2 /* Assets.xcassets in Resources */ = {isa = PBXBuildFile; fileRef = 7C41551720E296F3003E13C2 /* Assets.xcassets */; };
		7CC06F1E20E2D6D00006988A /* PageViewController.swift in Sources */ = {isa = PBXBuildFile; fileRef = 7CC06F1D20E2D6D00006988A /* PageViewController.swift */; };
		7CC06F2020E572DC0006988A /* TextFieldExtension.swift in Sources */ = {isa = PBXBuildFile; fileRef = 7CC06F1F20E572DC0006988A /* TextFieldExtension.swift */; };
		7CC06F2220E573170006988A /* OpeningScreen.swift in Sources */ = {isa = PBXBuildFile; fileRef = 7CC06F2120E573170006988A /* OpeningScreen.swift */; };
		7CC06F2620E57FE30006988A /* RoundButton.swift in Sources */ = {isa = PBXBuildFile; fileRef = 7CC06F2520E57FE30006988A /* RoundButton.swift */; };
		7CC06F2820E581E20006988A /* HideKeyBoardExtension.swift in Sources */ = {isa = PBXBuildFile; fileRef = 7CC06F2720E581E20006988A /* HideKeyBoardExtension.swift */; };
		7CC06F2A20E58BE80006988A /* ButtonExtension.swift in Sources */ = {isa = PBXBuildFile; fileRef = 7CC06F2920E58BE80006988A /* ButtonExtension.swift */; };
		7CC06F2C20E682940006988A /* img_401900.png in Resources */ = {isa = PBXBuildFile; fileRef = 7CC06F2B20E682940006988A /* img_401900.png */; };
		7CC06F3420E685320006988A /* Icons8-Ios7-User-Interface-Password-2.ico in Resources */ = {isa = PBXBuildFile; fileRef = 7CC06F3320E685320006988A /* Icons8-Ios7-User-Interface-Password-2.ico */; };
		7CC06F3620E68B450006988A /* SecondOpeningScreen.swift in Sources */ = {isa = PBXBuildFile; fileRef = 7CC06F3520E68B450006988A /* SecondOpeningScreen.swift */; };
/* End PBXBuildFile section */

/* Begin PBXFileReference section */
		19E0EF01D2BBC27905565308 /* Pods-MobileVoterOutreachApplication.debug.xcconfig */ = {isa = PBXFileReference; includeInIndex = 1; lastKnownFileType = text.xcconfig; name = "Pods-MobileVoterOutreachApplication.debug.xcconfig"; path = "Pods/Target Support Files/Pods-MobileVoterOutreachApplication/Pods-MobileVoterOutreachApplication.debug.xcconfig"; sourceTree = "<group>"; };
		64199BD19DD1D8F977D11035 /* Pods_MobileVoterOutreachApplication.framework */ = {isa = PBXFileReference; explicitFileType = wrapper.framework; includeInIndex = 0; path = Pods_MobileVoterOutreachApplication.framework; sourceTree = BUILT_PRODUCTS_DIR; };
		7C41550D20E296F1003E13C2 /* MobileVoterOutreachApplication.app */ = {isa = PBXFileReference; explicitFileType = wrapper.application; includeInIndex = 0; path = MobileVoterOutreachApplication.app; sourceTree = BUILT_PRODUCTS_DIR; };
		7C41551020E296F1003E13C2 /* AppDelegate.swift */ = {isa = PBXFileReference; lastKnownFileType = sourcecode.swift; path = AppDelegate.swift; sourceTree = "<group>"; };
		7C41551520E296F1003E13C2 /* Base */ = {isa = PBXFileReference; lastKnownFileType = file.storyboard; name = Base; path = Base.lproj/Main.storyboard; sourceTree = "<group>"; };
		7C41551720E296F3003E13C2 /* Assets.xcassets */ = {isa = PBXFileReference; lastKnownFileType = folder.assetcatalog; path = Assets.xcassets; sourceTree = "<group>"; };
		7C41551C20E296F3003E13C2 /* Info.plist */ = {isa = PBXFileReference; lastKnownFileType = text.plist.xml; path = Info.plist; sourceTree = "<group>"; };
		7CC06F1D20E2D6D00006988A /* PageViewController.swift */ = {isa = PBXFileReference; lastKnownFileType = sourcecode.swift; path = PageViewController.swift; sourceTree = "<group>"; };
		7CC06F1F20E572DC0006988A /* TextFieldExtension.swift */ = {isa = PBXFileReference; lastKnownFileType = sourcecode.swift; path = TextFieldExtension.swift; sourceTree = "<group>"; };
		7CC06F2120E573170006988A /* OpeningScreen.swift */ = {isa = PBXFileReference; lastKnownFileType = sourcecode.swift; path = OpeningScreen.swift; sourceTree = "<group>"; };
		7CC06F2520E57FE30006988A /* RoundButton.swift */ = {isa = PBXFileReference; lastKnownFileType = sourcecode.swift; path = RoundButton.swift; sourceTree = "<group>"; };
		7CC06F2720E581E20006988A /* HideKeyBoardExtension.swift */ = {isa = PBXFileReference; lastKnownFileType = sourcecode.swift; path = HideKeyBoardExtension.swift; sourceTree = "<group>"; };
		7CC06F2920E58BE80006988A /* ButtonExtension.swift */ = {isa = PBXFileReference; lastKnownFileType = sourcecode.swift; path = ButtonExtension.swift; sourceTree = "<group>"; };
		7CC06F2B20E682940006988A /* img_401900.png */ = {isa = PBXFileReference; lastKnownFileType = image.png; name = img_401900.png; path = ../../img_401900.png; sourceTree = "<group>"; };
		7CC06F3320E685320006988A /* Icons8-Ios7-User-Interface-Password-2.ico */ = {isa = PBXFileReference; lastKnownFileType = image.ico; name = "Icons8-Ios7-User-Interface-Password-2.ico"; path = "../../Icons8-Ios7-User-Interface-Password-2.ico"; sourceTree = "<group>"; };
		7CC06F3520E68B450006988A /* SecondOpeningScreen.swift */ = {isa = PBXFileReference; lastKnownFileType = sourcecode.swift; path = SecondOpeningScreen.swift; sourceTree = "<group>"; };
		A987A49A57046AC4DF4DE506 /* Pods-MobileVoterOutreachApplication.release.xcconfig */ = {isa = PBXFileReference; includeInIndex = 1; lastKnownFileType = text.xcconfig; name = "Pods-MobileVoterOutreachApplication.release.xcconfig"; path = "Pods/Target Support Files/Pods-MobileVoterOutreachApplication/Pods-MobileVoterOutreachApplication.release.xcconfig"; sourceTree = "<group>"; };
/* End PBXFileReference section */

/* Begin PBXFrameworksBuildPhase section */
		7C41550A20E296F1003E13C2 /* Frameworks */ = {
			isa = PBXFrameworksBuildPhase;
			buildActionMask = 2147483647;
			files = (
				05DFEE673A22E6B45E50ABB3 /* Pods_MobileVoterOutreachApplication.framework in Frameworks */,
			);
			runOnlyForDeploymentPostprocessing = 0;
		};
/* End PBXFrameworksBuildPhase section */

/* Begin PBXGroup section */
		467973E36D95DD4E56B03EB0 /* Frameworks */ = {
			isa = PBXGroup;
			children = (
				64199BD19DD1D8F977D11035 /* Pods_MobileVoterOutreachApplication.framework */,
			);
			name = Frameworks;
			sourceTree = "<group>";
		};
		7C41550420E296F1003E13C2 = {
			isa = PBXGroup;
			children = (
				7C41550F20E296F1003E13C2 /* MobileVoterOutreachApplication */,
				7C41550E20E296F1003E13C2 /* Products */,
				AA76BFB28F4AAE50A70E76A8 /* Pods */,
				467973E36D95DD4E56B03EB0 /* Frameworks */,
			);
			sourceTree = "<group>";
		};
		7C41550E20E296F1003E13C2 /* Products */ = {
			isa = PBXGroup;
			children = (
				7C41550D20E296F1003E13C2 /* MobileVoterOutreachApplication.app */,
			);
			name = Products;
			sourceTree = "<group>";
		};
		7C41550F20E296F1003E13C2 /* MobileVoterOutreachApplication */ = {
			isa = PBXGroup;
			children = (
				7C41551020E296F1003E13C2 /* AppDelegate.swift */,
				7CC06F2120E573170006988A /* OpeningScreen.swift */,
				7C41551420E296F1003E13C2 /* Main.storyboard */,
				7CC06F3320E685320006988A /* Icons8-Ios7-User-Interface-Password-2.ico */,
				7CC06F2B20E682940006988A /* img_401900.png */,
				7C41551720E296F3003E13C2 /* Assets.xcassets */,
				7C41551C20E296F3003E13C2 /* Info.plist */,
				7CC06F1D20E2D6D00006988A /* PageViewController.swift */,
				7CC06F1F20E572DC0006988A /* TextFieldExtension.swift */,
				7CC06F2520E57FE30006988A /* RoundButton.swift */,
				7CC06F2720E581E20006988A /* HideKeyBoardExtension.swift */,
				7CC06F2920E58BE80006988A /* ButtonExtension.swift */,
				7CC06F3520E68B450006988A /* SecondOpeningScreen.swift */,
			);
			path = MobileVoterOutreachApplication;
			sourceTree = "<group>";
		};
		AA76BFB28F4AAE50A70E76A8 /* Pods */ = {
			isa = PBXGroup;
			children = (
				19E0EF01D2BBC27905565308 /* Pods-MobileVoterOutreachApplication.debug.xcconfig */,
				A987A49A57046AC4DF4DE506 /* Pods-MobileVoterOutreachApplication.release.xcconfig */,
			);
			name = Pods;
			sourceTree = "<group>";
		};
/* End PBXGroup section */

/* Begin PBXNativeTarget section */
		7C41550C20E296F1003E13C2 /* MobileVoterOutreachApplication */ = {
			isa = PBXNativeTarget;
			buildConfigurationList = 7C41551F20E296F3003E13C2 /* Build configuration list for PBXNativeTarget "MobileVoterOutreachApplication" */;
			buildPhases = (
				5E7F6FEF226EBE73AEDB5530 /* [CP] Check Pods Manifest.lock */,
				7C41550920E296F1003E13C2 /* Sources */,
				7C41550A20E296F1003E13C2 /* Frameworks */,
				7C41550B20E296F1003E13C2 /* Resources */,
				DC2C486C12E359FB6433AF79 /* [CP] Embed Pods Frameworks */,
			);
			buildRules = (
			);
			dependencies = (
			);
			name = MobileVoterOutreachApplication;
			productName = MobileVoterOutreachApplication;
			productReference = 7C41550D20E296F1003E13C2 /* MobileVoterOutreachApplication.app */;
			productType = "com.apple.product-type.application";
		};
/* End PBXNativeTarget section */

/* Begin PBXProject section */
		7C41550520E296F1003E13C2 /* Project object */ = {
			isa = PBXProject;
			attributes = {
				LastSwiftUpdateCheck = 0940;
				LastUpgradeCheck = 0940;
				ORGANIZATIONNAME = "Dylan  Irlbeck";
				TargetAttributes = {
					7C41550C20E296F1003E13C2 = {
						CreatedOnToolsVersion = 9.4.1;
					};
				};
			};
			buildConfigurationList = 7C41550820E296F1003E13C2 /* Build configuration list for PBXProject "MobileVoterOutreachApplication" */;
			compatibilityVersion = "Xcode 9.3";
			developmentRegion = en;
			hasScannedForEncodings = 0;
			knownRegions = (
				en,
				Base,
			);
			mainGroup = 7C41550420E296F1003E13C2;
			productRefGroup = 7C41550E20E296F1003E13C2 /* Products */;
			projectDirPath = "";
			projectRoot = "";
			targets = (
				7C41550C20E296F1003E13C2 /* MobileVoterOutreachApplication */,
			);
		};
/* End PBXProject section */

/* Begin PBXResourcesBuildPhase section */
		7C41550B20E296F1003E13C2 /* Resources */ = {
			isa = PBXResourcesBuildPhase;
			buildActionMask = 2147483647;
			files = (
				7C41551820E296F3003E13C2 /* Assets.xcassets in Resources */,
				7CC06F3420E685320006988A /* Icons8-Ios7-User-Interface-Password-2.ico in Resources */,
				7CC06F2C20E682940006988A /* img_401900.png in Resources */,
				7C41551620E296F1003E13C2 /* Main.storyboard in Resources */,
			);
			runOnlyForDeploymentPostprocessing = 0;
		};
/* End PBXResourcesBuildPhase section */

/* Begin PBXShellScriptBuildPhase section */
		5E7F6FEF226EBE73AEDB5530 /* [CP] Check Pods Manifest.lock */ = {
			isa = PBXShellScriptBuildPhase;
			buildActionMask = 2147483647;
			files = (
			);
			inputPaths = (
				"${PODS_PODFILE_DIR_PATH}/Podfile.lock",
				"${PODS_ROOT}/Manifest.lock",
			);
			name = "[CP] Check Pods Manifest.lock";
			outputPaths = (
				"$(DERIVED_FILE_DIR)/Pods-MobileVoterOutreachApplication-checkManifestLockResult.txt",
			);
			runOnlyForDeploymentPostprocessing = 0;
			shellPath = /bin/sh;
			shellScript = "diff \"${PODS_PODFILE_DIR_PATH}/Podfile.lock\" \"${PODS_ROOT}/Manifest.lock\" > /dev/null\nif [ $? != 0 ] ; then\n    # print error to STDERR\n    echo \"error: The sandbox is not in sync with the Podfile.lock. Run 'pod install' or update your CocoaPods installation.\" >&2\n    exit 1\nfi\n# This output is used by Xcode 'outputs' to avoid re-running this script phase.\necho \"SUCCESS\" > \"${SCRIPT_OUTPUT_FILE_0}\"\n";
			showEnvVarsInLog = 0;
		};
		DC2C486C12E359FB6433AF79 /* [CP] Embed Pods Frameworks */ = {
			isa = PBXShellScriptBuildPhase;
			buildActionMask = 2147483647;
			files = (
			);
			inputPaths = (
				"${SRCROOT}/Pods/Target Support Files/Pods-MobileVoterOutreachApplication/Pods-MobileVoterOutreachApplication-frameworks.sh",
				"${BUILT_PRODUCTS_DIR}/SwiftMultiSelect/SwiftMultiSelect.framework",
			);
			name = "[CP] Embed Pods Frameworks";
			outputPaths = (
				"${TARGET_BUILD_DIR}/${FRAMEWORKS_FOLDER_PATH}/SwiftMultiSelect.framework",
			);
			runOnlyForDeploymentPostprocessing = 0;
			shellPath = /bin/sh;
			shellScript = "\"${SRCROOT}/Pods/Target Support Files/Pods-MobileVoterOutreachApplication/Pods-MobileVoterOutreachApplication-frameworks.sh\"\n";
			showEnvVarsInLog = 0;
		};
/* End PBXShellScriptBuildPhase section */

/* Begin PBXSourcesBuildPhase section */
		7C41550920E296F1003E13C2 /* Sources */ = {
			isa = PBXSourcesBuildPhase;
			buildActionMask = 2147483647;
			files = (
				7CC06F3620E68B450006988A /* SecondOpeningScreen.swift in Sources */,
				7CC06F2A20E58BE80006988A /* ButtonExtension.swift in Sources */,
				7CC06F2820E581E20006988A /* HideKeyBoardExtension.swift in Sources */,
				7CC06F1E20E2D6D00006988A /* PageViewController.swift in Sources */,
				7CC06F2620E57FE30006988A /* RoundButton.swift in Sources */,
				7CC06F2020E572DC0006988A /* TextFieldExtension.swift in Sources */,
				7CC06F2220E573170006988A /* OpeningScreen.swift in Sources */,
				7C41551120E296F1003E13C2 /* AppDelegate.swift in Sources */,
			);
			runOnlyForDeploymentPostprocessing = 0;
		};
/* End PBXSourcesBuildPhase section */

/* Begin PBXVariantGroup section */
		7C41551420E296F1003E13C2 /* Main.storyboard */ = {
			isa = PBXVariantGroup;
			children = (
				7C41551520E296F1003E13C2 /* Base */,
			);
			name = Main.storyboard;
			sourceTree = "<group>";
		};
/* End PBXVariantGroup section */

/* Begin XCBuildConfiguration section */
		7C41551D20E296F3003E13C2 /* Debug */ = {
			isa = XCBuildConfiguration;
			buildSettings = {
				ALWAYS_SEARCH_USER_PATHS = NO;
				CLANG_ANALYZER_NONNULL = YES;
				CLANG_ANALYZER_NUMBER_OBJECT_CONVERSION = YES_AGGRESSIVE;
				CLANG_CXX_LANGUAGE_STANDARD = "gnu++14";
				CLANG_CXX_LIBRARY = "libc++";
				CLANG_ENABLE_MODULES = YES;
				CLANG_ENABLE_OBJC_ARC = YES;
				CLANG_ENABLE_OBJC_WEAK = YES;
				CLANG_WARN_BLOCK_CAPTURE_AUTORELEASING = YES;
				CLANG_WARN_BOOL_CONVERSION = YES;
				CLANG_WARN_COMMA = YES;
				CLANG_WARN_CONSTANT_CONVERSION = YES;
				CLANG_WARN_DEPRECATED_OBJC_IMPLEMENTATIONS = YES;
				CLANG_WARN_DIRECT_OBJC_ISA_USAGE = YES_ERROR;
				CLANG_WARN_DOCUMENTATION_COMMENTS = YES;
				CLANG_WARN_EMPTY_BODY = YES;
				CLANG_WARN_ENUM_CONVERSION = YES;
				CLANG_WARN_INFINITE_RECURSION = YES;
				CLANG_WARN_INT_CONVERSION = YES;
				CLANG_WARN_NON_LITERAL_NULL_CONVERSION = YES;
				CLANG_WARN_OBJC_IMPLICIT_RETAIN_SELF = YES;
				CLANG_WARN_OBJC_LITERAL_CONVERSION = YES;
				CLANG_WARN_OBJC_ROOT_CLASS = YES_ERROR;
				CLANG_WARN_RANGE_LOOP_ANALYSIS = YES;
				CLANG_WARN_STRICT_PROTOTYPES = YES;
				CLANG_WARN_SUSPICIOUS_MOVE = YES;
				CLANG_WARN_UNGUARDED_AVAILABILITY = YES_AGGRESSIVE;
				CLANG_WARN_UNREACHABLE_CODE = YES;
				CLANG_WARN__DUPLICATE_METHOD_MATCH = YES;
				CODE_SIGN_IDENTITY = "iPhone Developer";
				COPY_PHASE_STRIP = NO;
				DEBUG_INFORMATION_FORMAT = dwarf;
				ENABLE_STRICT_OBJC_MSGSEND = YES;
				ENABLE_TESTABILITY = YES;
				GCC_C_LANGUAGE_STANDARD = gnu11;
				GCC_DYNAMIC_NO_PIC = NO;
				GCC_NO_COMMON_BLOCKS = YES;
				GCC_OPTIMIZATION_LEVEL = 0;
				GCC_PREPROCESSOR_DEFINITIONS = (
					"DEBUG=1",
					"$(inherited)",
				);
				GCC_WARN_64_TO_32_BIT_CONVERSION = YES;
				GCC_WARN_ABOUT_RETURN_TYPE = YES_ERROR;
				GCC_WARN_UNDECLARED_SELECTOR = YES;
				GCC_WARN_UNINITIALIZED_AUTOS = YES_AGGRESSIVE;
				GCC_WARN_UNUSED_FUNCTION = YES;
				GCC_WARN_UNUSED_VARIABLE = YES;
				IPHONEOS_DEPLOYMENT_TARGET = 11.4;
				MTL_ENABLE_DEBUG_INFO = YES;
				ONLY_ACTIVE_ARCH = YES;
				SDKROOT = iphoneos;
				SWIFT_ACTIVE_COMPILATION_CONDITIONS = DEBUG;
				SWIFT_OPTIMIZATION_LEVEL = "-Onone";
			};
			name = Debug;
		};
		7C41551E20E296F3003E13C2 /* Release */ = {
			isa = XCBuildConfiguration;
			buildSettings = {
				ALWAYS_SEARCH_USER_PATHS = NO;
				CLANG_ANALYZER_NONNULL = YES;
				CLANG_ANALYZER_NUMBER_OBJECT_CONVERSION = YES_AGGRESSIVE;
				CLANG_CXX_LANGUAGE_STANDARD = "gnu++14";
				CLANG_CXX_LIBRARY = "libc++";
				CLANG_ENABLE_MODULES = YES;
				CLANG_ENABLE_OBJC_ARC = YES;
				CLANG_ENABLE_OBJC_WEAK = YES;
				CLANG_WARN_BLOCK_CAPTURE_AUTORELEASING = YES;
				CLANG_WARN_BOOL_CONVERSION = YES;
				CLANG_WARN_COMMA = YES;
				CLANG_WARN_CONSTANT_CONVERSION = YES;
				CLANG_WARN_DEPRECATED_OBJC_IMPLEMENTATIONS = YES;
				CLANG_WARN_DIRECT_OBJC_ISA_USAGE = YES_ERROR;
				CLANG_WARN_DOCUMENTATION_COMMENTS = YES;
				CLANG_WARN_EMPTY_BODY = YES;
				CLANG_WARN_ENUM_CONVERSION = YES;
				CLANG_WARN_INFINITE_RECURSION = YES;
				CLANG_WARN_INT_CONVERSION = YES;
				CLANG_WARN_NON_LITERAL_NULL_CONVERSION = YES;
				CLANG_WARN_OBJC_IMPLICIT_RETAIN_SELF = YES;
				CLANG_WARN_OBJC_LITERAL_CONVERSION = YES;
				CLANG_WARN_OBJC_ROOT_CLASS = YES_ERROR;
				CLANG_WARN_RANGE_LOOP_ANALYSIS = YES;
				CLANG_WARN_STRICT_PROTOTYPES = YES;
				CLANG_WARN_SUSPICIOUS_MOVE = YES;
				CLANG_WARN_UNGUARDED_AVAILABILITY = YES_AGGRESSIVE;
				CLANG_WARN_UNREACHABLE_CODE = YES;
				CLANG_WARN__DUPLICATE_METHOD_MATCH = YES;
				CODE_SIGN_IDENTITY = "iPhone Developer";
				COPY_PHASE_STRIP = NO;
				DEBUG_INFORMATION_FORMAT = "dwarf-with-dsym";
				ENABLE_NS_ASSERTIONS = NO;
				ENABLE_STRICT_OBJC_MSGSEND = YES;
				GCC_C_LANGUAGE_STANDARD = gnu11;
				GCC_NO_COMMON_BLOCKS = YES;
				GCC_WARN_64_TO_32_BIT_CONVERSION = YES;
				GCC_WARN_ABOUT_RETURN_TYPE = YES_ERROR;
				GCC_WARN_UNDECLARED_SELECTOR = YES;
				GCC_WARN_UNINITIALIZED_AUTOS = YES_AGGRESSIVE;
				GCC_WARN_UNUSED_FUNCTION = YES;
				GCC_WARN_UNUSED_VARIABLE = YES;
				IPHONEOS_DEPLOYMENT_TARGET = 11.4;
				MTL_ENABLE_DEBUG_INFO = NO;
				SDKROOT = iphoneos;
				SWIFT_COMPILATION_MODE = wholemodule;
				SWIFT_OPTIMIZATION_LEVEL = "-O";
				VALIDATE_PRODUCT = YES;
			};
			name = Release;
		};
		7C41552020E296F3003E13C2 /* Debug */ = {
			isa = XCBuildConfiguration;
			baseConfigurationReference = 19E0EF01D2BBC27905565308 /* Pods-MobileVoterOutreachApplication.debug.xcconfig */;
			buildSettings = {
				ASSETCATALOG_COMPILER_APPICON_NAME = AppIcon;
				CODE_SIGN_STYLE = Automatic;
				INFOPLIST_FILE = MobileVoterOutreachApplication/Info.plist;
				LD_RUNPATH_SEARCH_PATHS = (
					"$(inherited)",
					"@executable_path/Frameworks",
				);
				PRODUCT_BUNDLE_IDENTIFIER = edu.illinois.cs.irlbeck2.MobileVoterOutreachApplication;
				PRODUCT_NAME = "$(TARGET_NAME)";
				SWIFT_VERSION = 4.0;
				TARGETED_DEVICE_FAMILY = "1,2";
			};
			name = Debug;
		};
		7C41552120E296F3003E13C2 /* Release */ = {
			isa = XCBuildConfiguration;
			baseConfigurationReference = A987A49A57046AC4DF4DE506 /* Pods-MobileVoterOutreachApplication.release.xcconfig */;
			buildSettings = {
				ASSETCATALOG_COMPILER_APPICON_NAME = AppIcon;
				CODE_SIGN_STYLE = Automatic;
				INFOPLIST_FILE = MobileVoterOutreachApplication/Info.plist;
				LD_RUNPATH_SEARCH_PATHS = (
					"$(inherited)",
					"@executable_path/Frameworks",
				);
				PRODUCT_BUNDLE_IDENTIFIER = edu.illinois.cs.irlbeck2.MobileVoterOutreachApplication;
				PRODUCT_NAME = "$(TARGET_NAME)";
				SWIFT_VERSION = 4.0;
				TARGETED_DEVICE_FAMILY = "1,2";
			};
			name = Release;
		};
/* End XCBuildConfiguration section */

/* Begin XCConfigurationList section */
		7C41550820E296F1003E13C2 /* Build configuration list for PBXProject "MobileVoterOutreachApplication" */ = {
			isa = XCConfigurationList;
			buildConfigurations = (
				7C41551D20E296F3003E13C2 /* Debug */,
				7C41551E20E296F3003E13C2 /* Release */,
			);
			defaultConfigurationIsVisible = 0;
			defaultConfigurationName = Release;
		};
		7C41551F20E296F3003E13C2 /* Build configuration list for PBXNativeTarget "MobileVoterOutreachApplication" */ = {
			isa = XCConfigurationList;
			buildConfigurations = (
				7C41552020E296F3003E13C2 /* Debug */,
				7C41552120E296F3003E13C2 /* Release */,
			);
			defaultConfigurationIsVisible = 0;
			defaultConfigurationName = Release;
		};
/* End XCConfigurationList section */
	};
	rootObject = 7C41550520E296F1003E13C2 /* Project object */;
}
